
Microsoft Visual Studio Solution File, Format Version 12.00
# Visual Studio Version 17
VisualStudioVersion = 17.14.36414.22
MinimumVisualStudioVersion = 10.0.40219.1
Project("{FAE04EC0-301F-11D3-BF4B-00C04F79EFBC}") = "Elympic-Games.Web", "Elympic-Games.Web\Elympic-Games.Web.csproj", "{5FA111FD-BE0D-42B8-A073-3F64056BB1AF}"
EndProject
Project("{FAE04EC0-301F-11D3-BF4B-00C04F79EFBC}") = "Elympic-Games.Mobile", "Elympic-Games.Mobile\Elympic-Games.Mobile.csproj", "{158DC199-1CBC-4814-85C0-5C41C4C326B2}"
EndProject
Global
	GlobalSection(SolutionConfigurationPlatforms) = preSolution
		Debug|Any CPU = Debug|Any CPU
		Release|Any CPU = Release|Any CPU
	EndGlobalSection
	GlobalSection(ProjectConfigurationPlatforms) = postSolution
		{5FA111FD-BE0D-42B8-A073-3F64056BB1AF}.Debug|Any CPU.ActiveCfg = Debug|Any CPU
		{5FA111FD-BE0D-42B8-A073-3F64056BB1AF}.Debug|Any CPU.Build.0 = Debug|Any CPU
		{5FA111FD-BE0D-42B8-A073-3F64056BB1AF}.Release|Any CPU.ActiveCfg = Release|Any CPU
		{5FA111FD-BE0D-42B8-A073-3F64056BB1AF}.Release|Any CPU.Build.0 = Release|Any CPU
		{158DC199-1CBC-4814-85C0-5C41C4C326B2}.Debug|Any CPU.ActiveCfg = Debug|Any CPU
		{158DC199-1CBC-4814-85C0-5C41C4C326B2}.Debug|Any CPU.Build.0 = Debug|Any CPU
		{158DC199-1CBC-4814-85C0-5C41C4C326B2}.Debug|Any CPU.Deploy.0 = Debug|Any CPU
		{158DC199-1CBC-4814-85C0-5C41C4C326B2}.Release|Any CPU.ActiveCfg = Release|Any CPU
		{158DC199-1CBC-4814-85C0-5C41C4C326B2}.Release|Any CPU.Build.0 = Release|Any CPU
	EndGlobalSection
	GlobalSection(SolutionProperties) = preSolution
		HideSolutionNode = FALSE
	EndGlobalSection
	GlobalSection(ExtensibilityGlobals) = postSolution
		SolutionGuid = {A2585632-9E5A-4E70-AE4A-C6B43EB74C8E}
	EndGlobalSection
EndGlobal
